// !$*UTF8*$!
{
	archiveVersion = 1;
	classes = {
	};
	objectVersion = 50;
	objects = {

/* Begin PBXBuildFile section */
		767A3028211073FE001F3B43 /* AppDelegate.swift in Sources */ = {isa = PBXBuildFile; fileRef = 767A3027211073FE001F3B43 /* AppDelegate.swift */; };
		767A302A211073FE001F3B43 /* ViewController.swift in Sources */ = {isa = PBXBuildFile; fileRef = 767A3029211073FE001F3B43 /* ViewController.swift */; };
		767A302D211073FF001F3B43 /* Main.storyboard in Resources */ = {isa = PBXBuildFile; fileRef = 767A302B211073FE001F3B43 /* Main.storyboard */; };
		767A3030211073FF001F3B43 /* OneApp.xcdatamodeld in Sources */ = {isa = PBXBuildFile; fileRef = 767A302E211073FF001F3B43 /* OneApp.xcdatamodeld */; };
		767A303221107404001F3B43 /* Assets.xcassets in Resources */ = {isa = PBXBuildFile; fileRef = 767A303121107404001F3B43 /* Assets.xcassets */; };
		767A303521107404001F3B43 /* LaunchScreen.storyboard in Resources */ = {isa = PBXBuildFile; fileRef = 767A303321107404001F3B43 /* LaunchScreen.storyboard */; };
		767A303E211189BA001F3B43 /* KPTabbarViewController.swift in Sources */ = {isa = PBXBuildFile; fileRef = 767A303C211189BA001F3B43 /* KPTabbarViewController.swift */; };
		767A30422111A761001F3B43 /* TSMessageViewController.swift in Sources */ = {isa = PBXBuildFile; fileRef = 767A30402111A761001F3B43 /* TSMessageViewController.swift */; };
		767A30432111A761001F3B43 /* TSMessageViewController.xib in Resources */ = {isa = PBXBuildFile; fileRef = 767A30412111A761001F3B43 /* TSMessageViewController.xib */; };
		767A30462111A77E001F3B43 /* TSContactsViewController.swift in Sources */ = {isa = PBXBuildFile; fileRef = 767A30442111A77E001F3B43 /* TSContactsViewController.swift */; };
		767A30472111A77E001F3B43 /* TSContactsViewController.xib in Resources */ = {isa = PBXBuildFile; fileRef = 767A30452111A77E001F3B43 /* TSContactsViewController.xib */; };
		767A304E2111A7B2001F3B43 /* TSMeViewController.swift in Sources */ = {isa = PBXBuildFile; fileRef = 767A304C2111A7B2001F3B43 /* TSMeViewController.swift */; };
		767A304F2111A7B2001F3B43 /* TSMeViewController.xib in Resources */ = {isa = PBXBuildFile; fileRef = 767A304D2111A7B2001F3B43 /* TSMeViewController.xib */; };
		767A30522111BFA6001F3B43 /* TSDiscoverViewController.swift in Sources */ = {isa = PBXBuildFile; fileRef = 767A30502111BFA6001F3B43 /* TSDiscoverViewController.swift */; };
		767A30532111BFA6001F3B43 /* TSDiscoverViewController.xib in Resources */ = {isa = PBXBuildFile; fileRef = 767A30512111BFA6001F3B43 /* TSDiscoverViewController.xib */; };
/* End PBXBuildFile section */

/* Begin PBXFileReference section */
		767A3024211073FE001F3B43 /* OneApp.app */ = {isa = PBXFileReference; explicitFileType = wrapper.application; includeInIndex = 0; path = OneApp.app; sourceTree = BUILT_PRODUCTS_DIR; };
		767A3027211073FE001F3B43 /* AppDelegate.swift */ = {isa = PBXFileReference; lastKnownFileType = sourcecode.swift; path = AppDelegate.swift; sourceTree = "<group>"; };
		767A3029211073FE001F3B43 /* ViewController.swift */ = {isa = PBXFileReference; lastKnownFileType = sourcecode.swift; path = ViewController.swift; sourceTree = "<group>"; };
		767A302C211073FF001F3B43 /* Base */ = {isa = PBXFileReference; lastKnownFileType = file.storyboard; name = Base; path = Base.lproj/Main.storyboard; sourceTree = "<group>"; };
		767A302F211073FF001F3B43 /* OneApp.xcdatamodel */ = {isa = PBXFileReference; lastKnownFileType = wrapper.xcdatamodel; path = OneApp.xcdatamodel; sourceTree = "<group>"; };
		767A303121107404001F3B43 /* Assets.xcassets */ = {isa = PBXFileReference; lastKnownFileType = folder.assetcatalog; path = Assets.xcassets; sourceTree = "<group>"; };
		767A303421107404001F3B43 /* Base */ = {isa = PBXFileReference; lastKnownFileType = file.storyboard; name = Base; path = Base.lproj/LaunchScreen.storyboard; sourceTree = "<group>"; };
		767A303621107404001F3B43 /* Info.plist */ = {isa = PBXFileReference; lastKnownFileType = text.plist.xml; path = Info.plist; sourceTree = "<group>"; };
		767A303C211189BA001F3B43 /* KPTabbarViewController.swift */ = {isa = PBXFileReference; lastKnownFileType = sourcecode.swift; path = KPTabbarViewController.swift; sourceTree = "<group>"; };
		767A30402111A761001F3B43 /* TSMessageViewController.swift */ = {isa = PBXFileReference; lastKnownFileType = sourcecode.swift; path = TSMessageViewController.swift; sourceTree = "<group>"; };
		767A30412111A761001F3B43 /* TSMessageViewController.xib */ = {isa = PBXFileReference; lastKnownFileType = file.xib; path = TSMessageViewController.xib; sourceTree = "<group>"; };
		767A30442111A77E001F3B43 /* TSContactsViewController.swift */ = {isa = PBXFileReference; lastKnownFileType = sourcecode.swift; path = TSContactsViewController.swift; sourceTree = "<group>"; };
		767A30452111A77E001F3B43 /* TSContactsViewController.xib */ = {isa = PBXFileReference; lastKnownFileType = file.xib; path = TSContactsViewController.xib; sourceTree = "<group>"; };
		767A304C2111A7B2001F3B43 /* TSMeViewController.swift */ = {isa = PBXFileReference; lastKnownFileType = sourcecode.swift; path = TSMeViewController.swift; sourceTree = "<group>"; };
		767A304D2111A7B2001F3B43 /* TSMeViewController.xib */ = {isa = PBXFileReference; lastKnownFileType = file.xib; path = TSMeViewController.xib; sourceTree = "<group>"; };
		767A30502111BFA6001F3B43 /* TSDiscoverViewController.swift */ = {isa = PBXFileReference; lastKnownFileType = sourcecode.swift; path = TSDiscoverViewController.swift; sourceTree = "<group>"; };
		767A30512111BFA6001F3B43 /* TSDiscoverViewController.xib */ = {isa = PBXFileReference; lastKnownFileType = file.xib; path = TSDiscoverViewController.xib; sourceTree = "<group>"; };
/* End PBXFileReference section */

/* Begin PBXFrameworksBuildPhase section */
		767A3021211073FE001F3B43 /* Frameworks */ = {
			isa = PBXFrameworksBuildPhase;
			buildActionMask = 2147483647;
			files = (
			);
			runOnlyForDeploymentPostprocessing = 0;
		};
/* End PBXFrameworksBuildPhase section */

/* Begin PBXGroup section */
		767A301B211073FE001F3B43 = {
			isa = PBXGroup;
			children = (
				767A3026211073FE001F3B43 /* OneApp */,
				767A3025211073FE001F3B43 /* Products */,
			);
			sourceTree = "<group>";
		};
		767A3025211073FE001F3B43 /* Products */ = {
			isa = PBXGroup;
			children = (
				767A3024211073FE001F3B43 /* OneApp.app */,
			);
			name = Products;
			sourceTree = "<group>";
		};
		767A3026211073FE001F3B43 /* OneApp */ = {
			isa = PBXGroup;
			children = (
				767A3027211073FE001F3B43 /* AppDelegate.swift */,
				767A3029211073FE001F3B43 /* ViewController.swift */,
				767A302B211073FE001F3B43 /* Main.storyboard */,
				767A303121107404001F3B43 /* Assets.xcassets */,
				767A303321107404001F3B43 /* LaunchScreen.storyboard */,
				767A303621107404001F3B43 /* Info.plist */,
				767A302E211073FF001F3B43 /* OneApp.xcdatamodeld */,
				767A303C211189BA001F3B43 /* KPTabbarViewController.swift */,
				767A30402111A761001F3B43 /* TSMessageViewController.swift */,
				767A30412111A761001F3B43 /* TSMessageViewController.xib */,
				767A30442111A77E001F3B43 /* TSContactsViewController.swift */,
				767A30452111A77E001F3B43 /* TSContactsViewController.xib */,
				767A304C2111A7B2001F3B43 /* TSMeViewController.swift */,
				767A304D2111A7B2001F3B43 /* TSMeViewController.xib */,
				767A30502111BFA6001F3B43 /* TSDiscoverViewController.swift */,
				767A30512111BFA6001F3B43 /* TSDiscoverViewController.xib */,
			);
			path = OneApp;
			sourceTree = "<group>";
		};
/* End PBXGroup section */

/* Begin PBXNativeTarget section */
		767A3023211073FE001F3B43 /* OneApp */ = {
			isa = PBXNativeTarget;
			buildConfigurationList = 767A303921107404001F3B43 /* Build configuration list for PBXNativeTarget "OneApp" */;
			buildPhases = (
				767A3020211073FE001F3B43 /* Sources */,
				767A3021211073FE001F3B43 /* Frameworks */,
				767A3022211073FE001F3B43 /* Resources */,
			);
			buildRules = (
			);
			dependencies = (
			);
			name = OneApp;
			productName = OneApp;
			productReference = 767A3024211073FE001F3B43 /* OneApp.app */;
			productType = "com.apple.product-type.application";
		};
/* End PBXNativeTarget section */

/* Begin PBXProject section */
		767A301C211073FE001F3B43 /* Project object */ = {
			isa = PBXProject;
			attributes = {
				LastSwiftUpdateCheck = 0940;
				LastUpgradeCheck = 0940;
				ORGANIZATIONNAME = lkp;
				TargetAttributes = {
					767A3023211073FE001F3B43 = {
						CreatedOnToolsVersion = 9.4.1;
					};
				};
			};
			buildConfigurationList = 767A301F211073FE001F3B43 /* Build configuration list for PBXProject "OneApp" */;
			compatibilityVersion = "Xcode 9.3";
			developmentRegion = en;
			hasScannedForEncodings = 0;
			knownRegions = (
				en,
				Base,
			);
			mainGroup = 767A301B211073FE001F3B43;
			productRefGroup = 767A3025211073FE001F3B43 /* Products */;
			projectDirPath = "";
			projectRoot = "";
			targets = (
				767A3023211073FE001F3B43 /* OneApp */,
			);
		};
/* End PBXProject section */

/* Begin PBXResourcesBuildPhase section */
		767A3022211073FE001F3B43 /* Resources */ = {
			isa = PBXResourcesBuildPhase;
			buildActionMask = 2147483647;
			files = (
				767A303521107404001F3B43 /* LaunchScreen.storyboard in Resources */,
				767A30532111BFA6001F3B43 /* TSDiscoverViewController.xib in Resources */,
				767A304F2111A7B2001F3B43 /* TSMeViewController.xib in Resources */,
				767A30472111A77E001F3B43 /* TSContactsViewController.xib in Resources */,
				767A303221107404001F3B43 /* Assets.xcassets in Resources */,
				767A302D211073FF001F3B43 /* Main.storyboard in Resources */,
				767A30432111A761001F3B43 /* TSMessageViewController.xib in Resources */,
			);
			runOnlyForDeploymentPostprocessing = 0;
		};
/* End PBXResourcesBuildPhase section */

/* Begin PBXSourcesBuildPhase section */
		767A3020211073FE001F3B43 /* Sources */ = {
			isa = PBXSourcesBuildPhase;
			buildActionMask = 2147483647;
			files = (
				767A3030211073FF001F3B43 /* OneApp.xcdatamodeld in Sources */,
				767A303E211189BA001F3B43 /* KPTabbarViewController.swift in Sources */,
				767A304E2111A7B2001F3B43 /* TSMeViewController.swift in Sources */,
				767A302A211073FE001F3B43 /* ViewController.swift in Sources */,
				767A3028211073FE001F3B43 /* AppDelegate.swift in Sources */,
				767A30462111A77E001F3B43 /* TSContactsViewController.swift in Sources */,
				767A30522111BFA6001F3B43 /* TSDiscoverViewController.swift in Sources */,
				767A30422111A761001F3B43 /* TSMessageViewController.swift in Sources */,
			);
			runOnlyForDeploymentPostprocessing = 0;
		};
/* End PBXSourcesBuildPhase section */

/* Begin PBXVariantGroup section */
		767A302B211073FE001F3B43 /* Main.storyboard */ = {
			isa = PBXVariantGroup;
			children = (
				767A302C211073FF001F3B43 /* Base */,
			);
			name = Main.storyboard;
			sourceTree = "<group>";
		};
		767A303321107404001F3B43 /* LaunchScreen.storyboard */ = {
			isa = PBXVariantGroup;
			children = (
				767A303421107404001F3B43 /* Base */,
			);
			name = LaunchScreen.storyboard;
			sourceTree = "<group>";
		};
/* End PBXVariantGroup section */

/* Begin XCBuildConfiguration section */
		767A303721107404001F3B43 /* Debug */ = {
			isa = XCBuildConfiguration;
			buildSettings = {
				ALWAYS_SEARCH_USER_PATHS = NO;
				CLANG_ANALYZER_NONNULL = YES;
				CLANG_ANALYZER_NUMBER_OBJECT_CONVERSION = YES_AGGRESSIVE;
				CLANG_CXX_LANGUAGE_STANDARD = "gnu++14";
				CLANG_CXX_LIBRARY = "libc++";
				CLANG_ENABLE_MODULES = YES;
				CLANG_ENABLE_OBJC_ARC = YES;
				CLANG_ENABLE_OBJC_WEAK = YES;
				CLANG_WARN_BLOCK_CAPTURE_AUTORELEASING = YES;
				CLANG_WARN_BOOL_CONVERSION = YES;
				CLANG_WARN_COMMA = YES;
				CLANG_WARN_CONSTANT_CONVERSION = YES;
				CLANG_WARN_DEPRECATED_OBJC_IMPLEMENTATIONS = YES;
				CLANG_WARN_DIRECT_OBJC_ISA_USAGE = YES_ERROR;
				CLANG_WARN_DOCUMENTATION_COMMENTS = YES;
				CLANG_WARN_EMPTY_BODY = YES;
				CLANG_WARN_ENUM_CONVERSION = YES;
				CLANG_WARN_INFINITE_RECURSION = YES;
				CLANG_WARN_INT_CONVERSION = YES;
				CLANG_WARN_NON_LITERAL_NULL_CONVERSION = YES;
				CLANG_WARN_OBJC_IMPLICIT_RETAIN_SELF = YES;
				CLANG_WARN_OBJC_LITERAL_CONVERSION = YES;
				CLANG_WARN_OBJC_ROOT_CLASS = YES_ERROR;
				CLANG_WARN_RANGE_LOOP_ANALYSIS = YES;
				CLANG_WARN_STRICT_PROTOTYPES = YES;
				CLANG_WARN_SUSPICIOUS_MOVE = YES;
				CLANG_WARN_UNGUARDED_AVAILABILITY = YES_AGGRESSIVE;
				CLANG_WARN_UNREACHABLE_CODE = YES;
				CLANG_WARN__DUPLICATE_METHOD_MATCH = YES;
				CODE_SIGN_IDENTITY = "iPhone Developer";
				COPY_PHASE_STRIP = NO;
				DEBUG_INFORMATION_FORMAT = dwarf;
				ENABLE_STRICT_OBJC_MSGSEND = YES;
				ENABLE_TESTABILITY = YES;
				GCC_C_LANGUAGE_STANDARD = gnu11;
				GCC_DYNAMIC_NO_PIC = NO;
				GCC_NO_COMMON_BLOCKS = YES;
				GCC_OPTIMIZATION_LEVEL = 0;
				GCC_PREPROCESSOR_DEFINITIONS = (
					"DEBUG=1",
					"$(inherited)",
				);
				GCC_WARN_64_TO_32_BIT_CONVERSION = YES;
				GCC_WARN_ABOUT_RETURN_TYPE = YES_ERROR;
				GCC_WARN_UNDECLARED_SELECTOR = YES;
				GCC_WARN_UNINITIALIZED_AUTOS = YES_AGGRESSIVE;
				GCC_WARN_UNUSED_FUNCTION = YES;
				GCC_WARN_UNUSED_VARIABLE = YES;
				IPHONEOS_DEPLOYMENT_TARGET = 11.4;
				MTL_ENABLE_DEBUG_INFO = YES;
				ONLY_ACTIVE_ARCH = YES;
				SDKROOT = iphoneos;
				SWIFT_ACTIVE_COMPILATION_CONDITIONS = DEBUG;
				SWIFT_OPTIMIZATION_LEVEL = "-Onone";
			};
			name = Debug;
		};
		767A303821107404001F3B43 /* Release */ = {
			isa = XCBuildConfiguration;
			buildSettings = {
				ALWAYS_SEARCH_USER_PATHS = NO;
				CLANG_ANALYZER_NONNULL = YES;
				CLANG_ANALYZER_NUMBER_OBJECT_CONVERSION = YES_AGGRESSIVE;
				CLANG_CXX_LANGUAGE_STANDARD = "gnu++14";
				CLANG_CXX_LIBRARY = "libc++";
				CLANG_ENABLE_MODULES = YES;
				CLANG_ENABLE_OBJC_ARC = YES;
				CLANG_ENABLE_OBJC_WEAK = YES;
				CLANG_WARN_BLOCK_CAPTURE_AUTORELEASING = YES;
				CLANG_WARN_BOOL_CONVERSION = YES;
				CLANG_WARN_COMMA = YES;
				CLANG_WARN_CONSTANT_CONVERSION = YES;
				CLANG_WARN_DEPRECATED_OBJC_IMPLEMENTATIONS = YES;
				CLANG_WARN_DIRECT_OBJC_ISA_USAGE = YES_ERROR;
				CLANG_WARN_DOCUMENTATION_COMMENTS = YES;
				CLANG_WARN_EMPTY_BODY = YES;
				CLANG_WARN_ENUM_CONVERSION = YES;
				CLANG_WARN_INFINITE_RECURSION = YES;
				CLANG_WARN_INT_CONVERSION = YES;
				CLANG_WARN_NON_LITERAL_NULL_CONVERSION = YES;
				CLANG_WARN_OBJC_IMPLICIT_RETAIN_SELF = YES;
				CLANG_WARN_OBJC_LITERAL_CONVERSION = YES;
				CLANG_WARN_OBJC_ROOT_CLASS = YES_ERROR;
				CLANG_WARN_RANGE_LOOP_ANALYSIS = YES;
				CLANG_WARN_STRICT_PROTOTYPES = YES;
				CLANG_WARN_SUSPICIOUS_MOVE = YES;
				CLANG_WARN_UNGUARDED_AVAILABILITY = YES_AGGRESSIVE;
				CLANG_WARN_UNREACHABLE_CODE = YES;
				CLANG_WARN__DUPLICATE_METHOD_MATCH = YES;
				CODE_SIGN_IDENTITY = "iPhone Developer";
				COPY_PHASE_STRIP = NO;
				DEBUG_INFORMATION_FORMAT = "dwarf-with-dsym";
				ENABLE_NS_ASSERTIONS = NO;
				ENABLE_STRICT_OBJC_MSGSEND = YES;
				GCC_C_LANGUAGE_STANDARD = gnu11;
				GCC_NO_COMMON_BLOCKS = YES;
				GCC_WARN_64_TO_32_BIT_CONVERSION = YES;
				GCC_WARN_ABOUT_RETURN_TYPE = YES_ERROR;
				GCC_WARN_UNDECLARED_SELECTOR = YES;
				GCC_WARN_UNINITIALIZED_AUTOS = YES_AGGRESSIVE;
				GCC_WARN_UNUSED_FUNCTION = YES;
				GCC_WARN_UNUSED_VARIABLE = YES;
				IPHONEOS_DEPLOYMENT_TARGET = 11.4;
				MTL_ENABLE_DEBUG_INFO = NO;
				SDKROOT = iphoneos;
				SWIFT_COMPILATION_MODE = wholemodule;
				SWIFT_OPTIMIZATION_LEVEL = "-O";
				VALIDATE_PRODUCT = YES;
			};
			name = Release;
		};
		767A303A21107404001F3B43 /* Debug */ = {
			isa = XCBuildConfiguration;
			buildSettings = {
				ASSETCATALOG_COMPILER_APPICON_NAME = AppIcon;
				CODE_SIGN_STYLE = Automatic;
				DEVELOPMENT_TEAM = 78LLB8W9N9;
				INFOPLIST_FILE = OneApp/Info.plist;
				LD_RUNPATH_SEARCH_PATHS = (
					"$(inherited)",
					"@executable_path/Frameworks",
				);
				PRODUCT_BUNDLE_IDENTIFIER = com.test.OneApp;
				PRODUCT_NAME = "$(TARGET_NAME)";
				SWIFT_VERSION = 4.0;
				TARGETED_DEVICE_FAMILY = "1,2";
			};
			name = Debug;
		};
		767A303B21107404001F3B43 /* Release */ = {
			isa = XCBuildConfiguration;
			buildSettings = {
				ASSETCATALOG_COMPILER_APPICON_NAME = AppIcon;
				CODE_SIGN_STYLE = Automatic;
				DEVELOPMENT_TEAM = 78LLB8W9N9;
				INFOPLIST_FILE = OneApp/Info.plist;
				LD_RUNPATH_SEARCH_PATHS = (
					"$(inherited)",
					"@executable_path/Frameworks",
				);
				PRODUCT_BUNDLE_IDENTIFIER = com.test.OneApp;
				PRODUCT_NAME = "$(TARGET_NAME)";
				SWIFT_VERSION = 4.0;
				TARGETED_DEVICE_FAMILY = "1,2";
			};
			name = Release;
		};
/* End XCBuildConfiguration section */

/* Begin XCConfigurationList section */
		767A301F211073FE001F3B43 /* Build configuration list for PBXProject "OneApp" */ = {
			isa = XCConfigurationList;
			buildConfigurations = (
				767A303721107404001F3B43 /* Debug */,
				767A303821107404001F3B43 /* Release */,
			);
			defaultConfigurationIsVisible = 0;
			defaultConfigurationName = Release;
		};
		767A303921107404001F3B43 /* Build configuration list for PBXNativeTarget "OneApp" */ = {
			isa = XCConfigurationList;
			buildConfigurations = (
				767A303A21107404001F3B43 /* Debug */,
				767A303B21107404001F3B43 /* Release */,
			);
			defaultConfigurationIsVisible = 0;
			defaultConfigurationName = Release;
		};
/* End XCConfigurationList section */

/* Begin XCVersionGroup section */
		767A302E211073FF001F3B43 /* OneApp.xcdatamodeld */ = {
			isa = XCVersionGroup;
			children = (
				767A302F211073FF001F3B43 /* OneApp.xcdatamodel */,
			);
			currentVersion = 767A302F211073FF001F3B43 /* OneApp.xcdatamodel */;
			path = OneApp.xcdatamodeld;
			sourceTree = "<group>";
			versionGroupType = wrapper.xcdatamodel;
		};
/* End XCVersionGroup section */
	};
	rootObject = 767A301C211073FE001F3B43 /* Project object */;
}
