// !$*UTF8*$!
{
	archiveVersion = 1;
	classes = {
	};
	objectVersion = 50;
	objects = {

/* Begin PBXBuildFile section */
		76B7994920FF41EB00F5D146 /* AppDelegate.m in Sources */ = {isa = PBXBuildFile; fileRef = 76B7994820FF41EB00F5D146 /* AppDelegate.m */; };
		76B7994C20FF41EB00F5D146 /* ViewController.m in Sources */ = {isa = PBXBuildFile; fileRef = 76B7994B20FF41EB00F5D146 /* ViewController.m */; };
		76B7994F20FF41EB00F5D146 /* Main.storyboard in Resources */ = {isa = PBXBuildFile; fileRef = 76B7994D20FF41EB00F5D146 /* Main.storyboard */; };
		76B7995220FF41EB00F5D146 /* iOS_Utils.xcdatamodeld in Sources */ = {isa = PBXBuildFile; fileRef = 76B7995020FF41EB00F5D146 /* iOS_Utils.xcdatamodeld */; };
		76B7995420FF41EE00F5D146 /* Assets.xcassets in Resources */ = {isa = PBXBuildFile; fileRef = 76B7995320FF41EE00F5D146 /* Assets.xcassets */; };
		76B7995720FF41EE00F5D146 /* LaunchScreen.storyboard in Resources */ = {isa = PBXBuildFile; fileRef = 76B7995520FF41EE00F5D146 /* LaunchScreen.storyboard */; };
		76B7995A20FF41EE00F5D146 /* main.m in Sources */ = {isa = PBXBuildFile; fileRef = 76B7995920FF41EE00F5D146 /* main.m */; };
		76B7996320FF432600F5D146 /* NSDictionary+Unnull.m in Sources */ = {isa = PBXBuildFile; fileRef = 76B7996220FF432600F5D146 /* NSDictionary+Unnull.m */; };
		76BA1DCC211997960075D9C6 /* UIImage+KPColorImage.m in Sources */ = {isa = PBXBuildFile; fileRef = 76BA1DCB211997960075D9C6 /* UIImage+KPColorImage.m */; };
/* End PBXBuildFile section */

/* Begin PBXFileReference section */
		76B7994420FF41EB00F5D146 /* iOS_Utils.app */ = {isa = PBXFileReference; explicitFileType = wrapper.application; includeInIndex = 0; path = iOS_Utils.app; sourceTree = BUILT_PRODUCTS_DIR; };
		76B7994720FF41EB00F5D146 /* AppDelegate.h */ = {isa = PBXFileReference; lastKnownFileType = sourcecode.c.h; path = AppDelegate.h; sourceTree = "<group>"; };
		76B7994820FF41EB00F5D146 /* AppDelegate.m */ = {isa = PBXFileReference; lastKnownFileType = sourcecode.c.objc; path = AppDelegate.m; sourceTree = "<group>"; };
		76B7994A20FF41EB00F5D146 /* ViewController.h */ = {isa = PBXFileReference; lastKnownFileType = sourcecode.c.h; path = ViewController.h; sourceTree = "<group>"; };
		76B7994B20FF41EB00F5D146 /* ViewController.m */ = {isa = PBXFileReference; lastKnownFileType = sourcecode.c.objc; path = ViewController.m; sourceTree = "<group>"; };
		76B7994E20FF41EB00F5D146 /* Base */ = {isa = PBXFileReference; lastKnownFileType = file.storyboard; name = Base; path = Base.lproj/Main.storyboard; sourceTree = "<group>"; };
		76B7995120FF41EB00F5D146 /* iOS_Utils.xcdatamodel */ = {isa = PBXFileReference; lastKnownFileType = wrapper.xcdatamodel; path = iOS_Utils.xcdatamodel; sourceTree = "<group>"; };
		76B7995320FF41EE00F5D146 /* Assets.xcassets */ = {isa = PBXFileReference; lastKnownFileType = folder.assetcatalog; path = Assets.xcassets; sourceTree = "<group>"; };
		76B7995620FF41EE00F5D146 /* Base */ = {isa = PBXFileReference; lastKnownFileType = file.storyboard; name = Base; path = Base.lproj/LaunchScreen.storyboard; sourceTree = "<group>"; };
		76B7995820FF41EE00F5D146 /* Info.plist */ = {isa = PBXFileReference; lastKnownFileType = text.plist.xml; path = Info.plist; sourceTree = "<group>"; };
		76B7995920FF41EE00F5D146 /* main.m */ = {isa = PBXFileReference; lastKnownFileType = sourcecode.c.objc; path = main.m; sourceTree = "<group>"; };
		76B7996120FF432600F5D146 /* NSDictionary+Unnull.h */ = {isa = PBXFileReference; lastKnownFileType = sourcecode.c.h; path = "NSDictionary+Unnull.h"; sourceTree = "<group>"; };
		76B7996220FF432600F5D146 /* NSDictionary+Unnull.m */ = {isa = PBXFileReference; lastKnownFileType = sourcecode.c.objc; path = "NSDictionary+Unnull.m"; sourceTree = "<group>"; };
		76BA1DCA211997960075D9C6 /* UIImage+KPColorImage.h */ = {isa = PBXFileReference; lastKnownFileType = sourcecode.c.h; path = "UIImage+KPColorImage.h"; sourceTree = "<group>"; };
		76BA1DCB211997960075D9C6 /* UIImage+KPColorImage.m */ = {isa = PBXFileReference; lastKnownFileType = sourcecode.c.objc; path = "UIImage+KPColorImage.m"; sourceTree = "<group>"; };
/* End PBXFileReference section */

/* Begin PBXFrameworksBuildPhase section */
		76B7994120FF41EB00F5D146 /* Frameworks */ = {
			isa = PBXFrameworksBuildPhase;
			buildActionMask = 2147483647;
			files = (
			);
			runOnlyForDeploymentPostprocessing = 0;
		};
/* End PBXFrameworksBuildPhase section */

/* Begin PBXGroup section */
		76B7993B20FF41EB00F5D146 = {
			isa = PBXGroup;
			children = (
				76B7994620FF41EB00F5D146 /* iOS_Utils */,
				76B7994520FF41EB00F5D146 /* Products */,
			);
			sourceTree = "<group>";
		};
		76B7994520FF41EB00F5D146 /* Products */ = {
			isa = PBXGroup;
			children = (
				76B7994420FF41EB00F5D146 /* iOS_Utils.app */,
			);
			name = Products;
			sourceTree = "<group>";
		};
		76B7994620FF41EB00F5D146 /* iOS_Utils */ = {
			isa = PBXGroup;
			children = (
				76B7996020FF42E300F5D146 /* Utils */,
				76B7994720FF41EB00F5D146 /* AppDelegate.h */,
				76B7994820FF41EB00F5D146 /* AppDelegate.m */,
				76B7994A20FF41EB00F5D146 /* ViewController.h */,
				76B7994B20FF41EB00F5D146 /* ViewController.m */,
				76B7994D20FF41EB00F5D146 /* Main.storyboard */,
				76B7995320FF41EE00F5D146 /* Assets.xcassets */,
				76B7995520FF41EE00F5D146 /* LaunchScreen.storyboard */,
				76B7995820FF41EE00F5D146 /* Info.plist */,
				76B7995920FF41EE00F5D146 /* main.m */,
				76B7995020FF41EB00F5D146 /* iOS_Utils.xcdatamodeld */,
			);
			path = iOS_Utils;
			sourceTree = "<group>";
		};
		76B7996020FF42E300F5D146 /* Utils */ = {
			isa = PBXGroup;
			children = (
				76B7996120FF432600F5D146 /* NSDictionary+Unnull.h */,
				76B7996220FF432600F5D146 /* NSDictionary+Unnull.m */,
				76BA1DCA211997960075D9C6 /* UIImage+KPColorImage.h */,
				76BA1DCB211997960075D9C6 /* UIImage+KPColorImage.m */,
			);
			path = Utils;
			sourceTree = "<group>";
		};
/* End PBXGroup section */

/* Begin PBXNativeTarget section */
		76B7994320FF41EB00F5D146 /* iOS_Utils */ = {
			isa = PBXNativeTarget;
			buildConfigurationList = 76B7995D20FF41EE00F5D146 /* Build configuration list for PBXNativeTarget "iOS_Utils" */;
			buildPhases = (
				76B7994020FF41EB00F5D146 /* Sources */,
				76B7994120FF41EB00F5D146 /* Frameworks */,
				76B7994220FF41EB00F5D146 /* Resources */,
			);
			buildRules = (
			);
			dependencies = (
			);
			name = iOS_Utils;
			productName = iOS_Utils;
			productReference = 76B7994420FF41EB00F5D146 /* iOS_Utils.app */;
			productType = "com.apple.product-type.application";
		};
/* End PBXNativeTarget section */

/* Begin PBXProject section */
		76B7993C20FF41EB00F5D146 /* Project object */ = {
			isa = PBXProject;
			attributes = {
				LastUpgradeCheck = 0940;
				ORGANIZATIONNAME = lkp;
				TargetAttributes = {
					76B7994320FF41EB00F5D146 = {
						CreatedOnToolsVersion = 9.4.1;
					};
				};
			};
			buildConfigurationList = 76B7993F20FF41EB00F5D146 /* Build configuration list for PBXProject "iOS_Utils" */;
			compatibilityVersion = "Xcode 9.3";
			developmentRegion = en;
			hasScannedForEncodings = 0;
			knownRegions = (
				en,
				Base,
			);
			mainGroup = 76B7993B20FF41EB00F5D146;
			productRefGroup = 76B7994520FF41EB00F5D146 /* Products */;
			projectDirPath = "";
			projectRoot = "";
			targets = (
				76B7994320FF41EB00F5D146 /* iOS_Utils */,
			);
		};
/* End PBXProject section */

/* Begin PBXResourcesBuildPhase section */
		76B7994220FF41EB00F5D146 /* Resources */ = {
			isa = PBXResourcesBuildPhase;
			buildActionMask = 2147483647;
			files = (
				76B7995720FF41EE00F5D146 /* LaunchScreen.storyboard in Resources */,
				76B7995420FF41EE00F5D146 /* Assets.xcassets in Resources */,
				76B7994F20FF41EB00F5D146 /* Main.storyboard in Resources */,
			);
			runOnlyForDeploymentPostprocessing = 0;
		};
/* End PBXResourcesBuildPhase section */

/* Begin PBXSourcesBuildPhase section */
		76B7994020FF41EB00F5D146 /* Sources */ = {
			isa = PBXSourcesBuildPhase;
			buildActionMask = 2147483647;
			files = (
				76B7994C20FF41EB00F5D146 /* ViewController.m in Sources */,
				76B7996320FF432600F5D146 /* NSDictionary+Unnull.m in Sources */,
				76B7994920FF41EB00F5D146 /* AppDelegate.m in Sources */,
				76B7995A20FF41EE00F5D146 /* main.m in Sources */,
				76BA1DCC211997960075D9C6 /* UIImage+KPColorImage.m in Sources */,
				76B7995220FF41EB00F5D146 /* iOS_Utils.xcdatamodeld in Sources */,
			);
			runOnlyForDeploymentPostprocessing = 0;
		};
/* End PBXSourcesBuildPhase section */

/* Begin PBXVariantGroup section */
		76B7994D20FF41EB00F5D146 /* Main.storyboard */ = {
			isa = PBXVariantGroup;
			children = (
				76B7994E20FF41EB00F5D146 /* Base */,
			);
			name = Main.storyboard;
			sourceTree = "<group>";
		};
		76B7995520FF41EE00F5D146 /* LaunchScreen.storyboard */ = {
			isa = PBXVariantGroup;
			children = (
				76B7995620FF41EE00F5D146 /* Base */,
			);
			name = LaunchScreen.storyboard;
			sourceTree = "<group>";
		};
/* End PBXVariantGroup section */

/* Begin XCBuildConfiguration section */
		76B7995B20FF41EE00F5D146 /* Debug */ = {
			isa = XCBuildConfiguration;
			buildSettings = {
				ALWAYS_SEARCH_USER_PATHS = NO;
				CLANG_ANALYZER_NONNULL = YES;
				CLANG_ANALYZER_NUMBER_OBJECT_CONVERSION = YES_AGGRESSIVE;
				CLANG_CXX_LANGUAGE_STANDARD = "gnu++14";
				CLANG_CXX_LIBRARY = "libc++";
				CLANG_ENABLE_MODULES = YES;
				CLANG_ENABLE_OBJC_ARC = YES;
				CLANG_ENABLE_OBJC_WEAK = YES;
				CLANG_WARN_BLOCK_CAPTURE_AUTORELEASING = YES;
				CLANG_WARN_BOOL_CONVERSION = YES;
				CLANG_WARN_COMMA = YES;
				CLANG_WARN_CONSTANT_CONVERSION = YES;
				CLANG_WARN_DEPRECATED_OBJC_IMPLEMENTATIONS = YES;
				CLANG_WARN_DIRECT_OBJC_ISA_USAGE = YES_ERROR;
				CLANG_WARN_DOCUMENTATION_COMMENTS = YES;
				CLANG_WARN_EMPTY_BODY = YES;
				CLANG_WARN_ENUM_CONVERSION = YES;
				CLANG_WARN_INFINITE_RECURSION = YES;
				CLANG_WARN_INT_CONVERSION = YES;
				CLANG_WARN_NON_LITERAL_NULL_CONVERSION = YES;
				CLANG_WARN_OBJC_IMPLICIT_RETAIN_SELF = YES;
				CLANG_WARN_OBJC_LITERAL_CONVERSION = YES;
				CLANG_WARN_OBJC_ROOT_CLASS = YES_ERROR;
				CLANG_WARN_RANGE_LOOP_ANALYSIS = YES;
				CLANG_WARN_STRICT_PROTOTYPES = YES;
				CLANG_WARN_SUSPICIOUS_MOVE = YES;
				CLANG_WARN_UNGUARDED_AVAILABILITY = YES_AGGRESSIVE;
				CLANG_WARN_UNREACHABLE_CODE = YES;
				CLANG_WARN__DUPLICATE_METHOD_MATCH = YES;
				CODE_SIGN_IDENTITY = "iPhone Developer";
				COPY_PHASE_STRIP = NO;
				DEBUG_INFORMATION_FORMAT = dwarf;
				ENABLE_STRICT_OBJC_MSGSEND = YES;
				ENABLE_TESTABILITY = YES;
				GCC_C_LANGUAGE_STANDARD = gnu11;
				GCC_DYNAMIC_NO_PIC = NO;
				GCC_NO_COMMON_BLOCKS = YES;
				GCC_OPTIMIZATION_LEVEL = 0;
				GCC_PREPROCESSOR_DEFINITIONS = (
					"DEBUG=1",
					"$(inherited)",
				);
				GCC_WARN_64_TO_32_BIT_CONVERSION = YES;
				GCC_WARN_ABOUT_RETURN_TYPE = YES_ERROR;
				GCC_WARN_UNDECLARED_SELECTOR = YES;
				GCC_WARN_UNINITIALIZED_AUTOS = YES_AGGRESSIVE;
				GCC_WARN_UNUSED_FUNCTION = YES;
				GCC_WARN_UNUSED_VARIABLE = YES;
				IPHONEOS_DEPLOYMENT_TARGET = 11.4;
				MTL_ENABLE_DEBUG_INFO = YES;
				ONLY_ACTIVE_ARCH = YES;
				SDKROOT = iphoneos;
			};
			name = Debug;
		};
		76B7995C20FF41EE00F5D146 /* Release */ = {
			isa = XCBuildConfiguration;
			buildSettings = {
				ALWAYS_SEARCH_USER_PATHS = NO;
				CLANG_ANALYZER_NONNULL = YES;
				CLANG_ANALYZER_NUMBER_OBJECT_CONVERSION = YES_AGGRESSIVE;
				CLANG_CXX_LANGUAGE_STANDARD = "gnu++14";
				CLANG_CXX_LIBRARY = "libc++";
				CLANG_ENABLE_MODULES = YES;
				CLANG_ENABLE_OBJC_ARC = YES;
				CLANG_ENABLE_OBJC_WEAK = YES;
				CLANG_WARN_BLOCK_CAPTURE_AUTORELEASING = YES;
				CLANG_WARN_BOOL_CONVERSION = YES;
				CLANG_WARN_COMMA = YES;
				CLANG_WARN_CONSTANT_CONVERSION = YES;
				CLANG_WARN_DEPRECATED_OBJC_IMPLEMENTATIONS = YES;
				CLANG_WARN_DIRECT_OBJC_ISA_USAGE = YES_ERROR;
				CLANG_WARN_DOCUMENTATION_COMMENTS = YES;
				CLANG_WARN_EMPTY_BODY = YES;
				CLANG_WARN_ENUM_CONVERSION = YES;
				CLANG_WARN_INFINITE_RECURSION = YES;
				CLANG_WARN_INT_CONVERSION = YES;
				CLANG_WARN_NON_LITERAL_NULL_CONVERSION = YES;
				CLANG_WARN_OBJC_IMPLICIT_RETAIN_SELF = YES;
				CLANG_WARN_OBJC_LITERAL_CONVERSION = YES;
				CLANG_WARN_OBJC_ROOT_CLASS = YES_ERROR;
				CLANG_WARN_RANGE_LOOP_ANALYSIS = YES;
				CLANG_WARN_STRICT_PROTOTYPES = YES;
				CLANG_WARN_SUSPICIOUS_MOVE = YES;
				CLANG_WARN_UNGUARDED_AVAILABILITY = YES_AGGRESSIVE;
				CLANG_WARN_UNREACHABLE_CODE = YES;
				CLANG_WARN__DUPLICATE_METHOD_MATCH = YES;
				CODE_SIGN_IDENTITY = "iPhone Developer";
				COPY_PHASE_STRIP = NO;
				DEBUG_INFORMATION_FORMAT = "dwarf-with-dsym";
				ENABLE_NS_ASSERTIONS = NO;
				ENABLE_STRICT_OBJC_MSGSEND = YES;
				GCC_C_LANGUAGE_STANDARD = gnu11;
				GCC_NO_COMMON_BLOCKS = YES;
				GCC_WARN_64_TO_32_BIT_CONVERSION = YES;
				GCC_WARN_ABOUT_RETURN_TYPE = YES_ERROR;
				GCC_WARN_UNDECLARED_SELECTOR = YES;
				GCC_WARN_UNINITIALIZED_AUTOS = YES_AGGRESSIVE;
				GCC_WARN_UNUSED_FUNCTION = YES;
				GCC_WARN_UNUSED_VARIABLE = YES;
				IPHONEOS_DEPLOYMENT_TARGET = 11.4;
				MTL_ENABLE_DEBUG_INFO = NO;
				SDKROOT = iphoneos;
				VALIDATE_PRODUCT = YES;
			};
			name = Release;
		};
		76B7995E20FF41EE00F5D146 /* Debug */ = {
			isa = XCBuildConfiguration;
			buildSettings = {
				ASSETCATALOG_COMPILER_APPICON_NAME = AppIcon;
				CODE_SIGN_STYLE = Automatic;
				DEVELOPMENT_TEAM = 78LLB8W9N9;
				INFOPLIST_FILE = iOS_Utils/Info.plist;
				LD_RUNPATH_SEARCH_PATHS = (
					"$(inherited)",
					"@executable_path/Frameworks",
				);
				PRODUCT_BUNDLE_IDENTIFIER = "com.test.iOS-Utils";
				PRODUCT_NAME = "$(TARGET_NAME)";
				TARGETED_DEVICE_FAMILY = "1,2";
			};
			name = Debug;
		};
		76B7995F20FF41EE00F5D146 /* Release */ = {
			isa = XCBuildConfiguration;
			buildSettings = {
				ASSETCATALOG_COMPILER_APPICON_NAME = AppIcon;
				CODE_SIGN_STYLE = Automatic;
				DEVELOPMENT_TEAM = 78LLB8W9N9;
				INFOPLIST_FILE = iOS_Utils/Info.plist;
				LD_RUNPATH_SEARCH_PATHS = (
					"$(inherited)",
					"@executable_path/Frameworks",
				);
				PRODUCT_BUNDLE_IDENTIFIER = "com.test.iOS-Utils";
				PRODUCT_NAME = "$(TARGET_NAME)";
				TARGETED_DEVICE_FAMILY = "1,2";
			};
			name = Release;
		};
/* End XCBuildConfiguration section */

/* Begin XCConfigurationList section */
		76B7993F20FF41EB00F5D146 /* Build configuration list for PBXProject "iOS_Utils" */ = {
			isa = XCConfigurationList;
			buildConfigurations = (
				76B7995B20FF41EE00F5D146 /* Debug */,
				76B7995C20FF41EE00F5D146 /* Release */,
			);
			defaultConfigurationIsVisible = 0;
			defaultConfigurationName = Release;
		};
		76B7995D20FF41EE00F5D146 /* Build configuration list for PBXNativeTarget "iOS_Utils" */ = {
			isa = XCConfigurationList;
			buildConfigurations = (
				76B7995E20FF41EE00F5D146 /* Debug */,
				76B7995F20FF41EE00F5D146 /* Release */,
			);
			defaultConfigurationIsVisible = 0;
			defaultConfigurationName = Release;
		};
/* End XCConfigurationList section */

/* Begin XCVersionGroup section */
		76B7995020FF41EB00F5D146 /* iOS_Utils.xcdatamodeld */ = {
			isa = XCVersionGroup;
			children = (
				76B7995120FF41EB00F5D146 /* iOS_Utils.xcdatamodel */,
			);
			currentVersion = 76B7995120FF41EB00F5D146 /* iOS_Utils.xcdatamodel */;
			path = iOS_Utils.xcdatamodeld;
			sourceTree = "<group>";
			versionGroupType = wrapper.xcdatamodel;
		};
/* End XCVersionGroup section */
	};
	rootObject = 76B7993C20FF41EB00F5D146 /* Project object */;
}
